github.com/tomschdev/advent-of-code/2022/go/day1 v0.0.0-20221201195752-b1f49c477dc8 h1:AKlx3GHFT5xFLdbZWWjy97s6l9UTLwsIdTxM8bHmLes=
github.com/tomschdev/advent-of-code/2022/go/day1 v0.0.0-20221201195752-b1f49c477dc8/go.mod h1:Gak8rNMhW+163WffglZmJewxhlvJWAG5P577E8LX2iI=
github.com/tomschdev/advent-of-code/2022/go/day1 v0.0.0-20221204094719-dcd6974e92b5 h1:T1EPUM00YiFIcGJa6LvFdqf+kpES93/nubkttNcjlQs=
github.com/tomschdev/advent-of-code/2022/go/day1 v0.0.0-20221204094719-dcd6974e92b5/go.mod h1:Gak8rNMhW+163WffglZmJewxhlvJWAG5P577E8LX2iI=
